// !$*UTF8*$!
{
	archiveVersion = 1;
	classes = {
	};
	objectVersion = 46;
	objects = {
/* Begin PBXBuildFile section */
		0207DA581B56EA530066E2B4 /* Images.xcassets in Resources */ = {isa = PBXBuildFile; fileRef = 0207DA571B56EA530066E2B4 /* Images.xcassets */; };
		061334ED107B470C82A109E2 /* CDVGlobalization.m in Sources */ = {isa = PBXBuildFile; fileRef = 30AC6733CE1B47D095601FBC /* CDVGlobalization.m */; };
		095C370479E941678595EF04 /* CDVJpegHeaderWriter.m in Sources */ = {isa = PBXBuildFile; fileRef = 0083012B203140BF87A25930 /* CDVJpegHeaderWriter.m */; };
		0AA77C69457F45FFA729DA53 /* CDVSplashScreen.m in Sources */ = {isa = PBXBuildFile; fileRef = FDD0688807E54628A22FD7DF /* CDVSplashScreen.m */; };
		0C7A5741BCBC420CBF24D3A5 /* CDVInAppBrowser.m in Sources */ = {isa = PBXBuildFile; fileRef = E1AD1D1C7D864EBBB8A8623A /* CDVInAppBrowser.m */; };
		1D3623260D0F684500981E51 /* AppDelegate.m in Sources */ = {isa = PBXBuildFile; fileRef = 1D3623250D0F684500981E51 /* AppDelegate.m */; };
		1D60589B0D05DD56006BFB54 /* main.m in Sources */ = {isa = PBXBuildFile; fileRef = 29B97316FDCFA39411CA2CEA /* main.m */; };
		1F303EB40B8E491BBFCF0AD8 /* CoreTelephony.framework in Frameworks */ = {isa = PBXBuildFile; fileRef = 1C57440F75CF4D9699079B2F /* CoreTelephony.framework */; };
		202F30EC64544DFD9F818677 /* CDVReachability.m in Sources */ = {isa = PBXBuildFile; fileRef = 3D0E7D09AD2B4A45B8CA0F41 /* CDVReachability.m */; };
		21E65D15BBBD4E049D967D03 /* SystemConfiguration.framework in Frameworks */ = {isa = PBXBuildFile; fileRef = 10FD8EBA830D4EB189030BA2 /* SystemConfiguration.framework */; settings = {ATTRIBUTES = (Weak, ); }; };
		22D3614C4B4F490CA7DD2255 /* CDVCapture.bundle in Resources */ = {isa = PBXBuildFile; fileRef = 9EBC9951D0C84456A4BB37A4 /* CDVCapture.bundle */; };
		22DD77E5D35E4049A4997320 /* AddressBookUI.framework in Frameworks */ = {isa = PBXBuildFile; fileRef = A03092AA77D249A691847112 /* AddressBookUI.framework */; settings = {ATTRIBUTES = (Weak, ); }; };
		2497BAA9077247E98CC8939B /* CDVLocalFilesystem.m in Sources */ = {isa = PBXBuildFile; fileRef = 65133FB394F64FCEADFE355E /* CDVLocalFilesystem.m */; };
		301BF552109A68D80062928A /* libCordova.a in Frameworks */ = {isa = PBXBuildFile; fileRef = 301BF535109A57CC0062928A /* libCordova.a */; };
		302D95F114D2391D003F00A1 /* MainViewController.m in Sources */ = {isa = PBXBuildFile; fileRef = 302D95EF14D2391D003F00A1 /* MainViewController.m */; };
		302D95F214D2391D003F00A1 /* MainViewController.xib in Resources */ = {isa = PBXBuildFile; fileRef = 302D95F014D2391D003F00A1 /* MainViewController.xib */; };
		3047A5121AB8059700498E2A /* build-debug.xcconfig in Resources */ = {isa = PBXBuildFile; fileRef = 3047A50F1AB8059700498E2A /* build-debug.xcconfig */; };
		3047A5131AB8059700498E2A /* build-release.xcconfig in Resources */ = {isa = PBXBuildFile; fileRef = 3047A5101AB8059700498E2A /* build-release.xcconfig */; };
		3047A5141AB8059700498E2A /* build.xcconfig in Resources */ = {isa = PBXBuildFile; fileRef = 3047A5111AB8059700498E2A /* build.xcconfig */; };
		33FD829D73FE4A349475EABE /* CDVContacts.m in Sources */ = {isa = PBXBuildFile; fileRef = E4F1C18B39244D04AC6ECA76 /* CDVContacts.m */; };
		3761DE0EA9D04F11AFD19C34 /* AVFoundation.framework in Frameworks */ = {isa = PBXBuildFile; fileRef = 3BC21E8ED175448388B65F1D /* AVFoundation.framework */; };
		3BD12E22DB0F4E2889BA2A72 /* CDVSound.m in Sources */ = {isa = PBXBuildFile; fileRef = 43E93719F8764557B7FC95B6 /* CDVSound.m */; };
		4A3E29C472C844C5BD6FE90B /* CDVStatusBar.m in Sources */ = {isa = PBXBuildFile; fileRef = 5EB0625592B54F4DB29AB58E /* CDVStatusBar.m */; };
		517A3E5FC6E248DB9ED506C6 /* CDVCompass.m in Sources */ = {isa = PBXBuildFile; fileRef = A8B61D0F8AFE438B887A735E /* CDVCompass.m */; };
		518DDE9F36D0421BBBBAF720 /* CDVLocation.m in Sources */ = {isa = PBXBuildFile; fileRef = 886C3E39FC0148D9AFB1DEA6 /* CDVLocation.m */; };
		590C621E26E04A4D8E796C5D /* CDVNotification.bundle in Resources */ = {isa = PBXBuildFile; fileRef = 92099EB806A04CFDA1A08B26 /* CDVNotification.bundle */; };
		5BC185DA35E944A0B3ED9B04 /* CDVConnection.m in Sources */ = {isa = PBXBuildFile; fileRef = 231DC004E4A64E719FDCC109 /* CDVConnection.m */; };
		6B042EAB613C4F57947AFCC5 /* CDVViewController+SplashScreen.m in Sources */ = {isa = PBXBuildFile; fileRef = 10144B5DC9224F43A88A3422 /* CDVViewController+SplashScreen.m */; };
		89A672E2E35745B9983A51F8 /* CoreLocation.framework in Frameworks */ = {isa = PBXBuildFile; fileRef = 074344AF0E6749FA8553D4D2 /* CoreLocation.framework */; };
		92BDE40900B84C3296191122 /* CDVBattery.m in Sources */ = {isa = PBXBuildFile; fileRef = A3262C81ABC84AA9BB1F361C /* CDVBattery.m */; };
		9B76E289BD644676B86F8A01 /* CDVDevice.m in Sources */ = {isa = PBXBuildFile; fileRef = B9430C219D434E758B0A6973 /* CDVDevice.m */; };
		9C5ECA96E7DB404784212FCD /* ImageIO.framework in Frameworks */ = {isa = PBXBuildFile; fileRef = 2998DD9598CB4BDFA843604E /* ImageIO.framework */; settings = {ATTRIBUTES = (Weak, ); }; };
		A0D40FC1BD914ADE91094D63 /* CDVContact.m in Sources */ = {isa = PBXBuildFile; fileRef = 19B50660B03B4894B6C71FEF /* CDVContact.m */; };
		A1DE1004CCC14765874A4993 /* CDVLogger.m in Sources */ = {isa = PBXBuildFile; fileRef = 34E137BCC3094D57BC832F45 /* CDVLogger.m */; };
		A79FB65AFA584B4B8789D268 /* CDVAccelerometer.m in Sources */ = {isa = PBXBuildFile; fileRef = FFC60C6F3A6C4472AC49A604 /* CDVAccelerometer.m */; };
		A874A62BBCF6488FA7540DFC /* UIImage+CropScaleOrientation.m in Sources */ = {isa = PBXBuildFile; fileRef = 2514FF42898E40C89B8C3C7B /* UIImage+CropScaleOrientation.m */; };
		B582DACFA81C4E9398023E62 /* CDVCamera.m in Sources */ = {isa = PBXBuildFile; fileRef = 8B80BB2B42404F1A82AF2D22 /* CDVCamera.m */; };
		B78ED5D9132641759EA45341 /* CDVCapture.m in Sources */ = {isa = PBXBuildFile; fileRef = B7B987F7290B4F08A30D8293 /* CDVCapture.m */; };
		BE73AD136FD14AF4B3E82B77 /* CDVNotification.m in Sources */ = {isa = PBXBuildFile; fileRef = 97D601D5A7DA4C7A91913F5B /* CDVNotification.m */; };
		C0927CF26FB045B8BF243825 /* AddressBook.framework in Frameworks */ = {isa = PBXBuildFile; fileRef = 96E3D8F85476402BA395F9F9 /* AddressBook.framework */; settings = {ATTRIBUTES = (Weak, ); }; };
		D2B45420E398425CAC35A8A8 /* CoreMotion.framework in Frameworks */ = {isa = PBXBuildFile; fileRef = C8DF5E13A7F04A3C8A41F7E0 /* CoreMotion.framework */; };
		E2EF830BD5C044B6938CA1D9 /* CDVAssetLibraryFilesystem.m in Sources */ = {isa = PBXBuildFile; fileRef = 8EE74CC88A3A4340915A1ED4 /* CDVAssetLibraryFilesystem.m */; };
		E4EB7D2171CB4F7EA0B7489F /* CDVFile.m in Sources */ = {isa = PBXBuildFile; fileRef = FBC7B81525C8450F8F7D77D1 /* CDVFile.m */; };
		E9357FD832864ECC92C11D8F /* CDVFileTransfer.m in Sources */ = {isa = PBXBuildFile; fileRef = A619E93DBB0C4AACA7F3322C /* CDVFileTransfer.m */; };
		F3F6DDD0DADD4D4A8226D787 /* CDVVibration.m in Sources */ = {isa = PBXBuildFile; fileRef = B558E141DFBF4ED9ADF94A71 /* CDVVibration.m */; };
		FD29DF0B8D8642A1B7493C7F /* AudioToolbox.framework in Frameworks */ = {isa = PBXBuildFile; fileRef = 0F64E0C8A9B445C18D658FC0 /* AudioToolbox.framework */; settings = {ATTRIBUTES = (Weak, ); }; };
/* End PBXBuildFile section */

/* Begin PBXContainerItemProxy section */
		301BF534109A57CC0062928A /* PBXContainerItemProxy */ = {
			isa = PBXContainerItemProxy;
			containerPortal = 301BF52D109A57CC0062928A /* CordovaLib.xcodeproj */;
			proxyType = 2;
			remoteGlobalIDString = D2AAC07E0554694100DB518D;
			remoteInfo = CordovaLib;
		};
		301BF550109A68C00062928A /* PBXContainerItemProxy */ = {
			isa = PBXContainerItemProxy;
			containerPortal = 301BF52D109A57CC0062928A /* CordovaLib.xcodeproj */;
			proxyType = 1;
			remoteGlobalIDString = D2AAC07D0554694100DB518D;
			remoteInfo = CordovaLib;
		};
/* End PBXContainerItemProxy section */

/* Begin PBXFileReference section */
		0083012B203140BF87A25930 /* CDVJpegHeaderWriter.m */ = {isa = PBXFileReference; explicitFileType = undefined; fileEncoding = 4; includeInIndex = 0; lastKnownFileType = sourcecode.c.objc; name = CDVJpegHeaderWriter.m; path = "cordova-plugin-camera/CDVJpegHeaderWriter.m"; sourceTree = "<group>"; };
		0207DA571B56EA530066E2B4 /* Images.xcassets */ = {isa = PBXFileReference; lastKnownFileType = folder.assetcatalog; name = Images.xcassets; path = Bunt_Colors_R_us/Images.xcassets; sourceTree = SOURCE_ROOT; };
		074344AF0E6749FA8553D4D2 /* CoreLocation.framework */ = {isa = PBXFileReference; explicitFileType = undefined; fileEncoding = 9; includeInIndex = 0; lastKnownFileType = wrapper.framework; name = CoreLocation.framework; path = System/Library/Frameworks/CoreLocation.framework; sourceTree = SDKROOT; };
		0F64E0C8A9B445C18D658FC0 /* AudioToolbox.framework */ = {isa = PBXFileReference; explicitFileType = undefined; fileEncoding = 9; includeInIndex = 0; lastKnownFileType = wrapper.framework; name = AudioToolbox.framework; path = System/Library/Frameworks/AudioToolbox.framework; sourceTree = SDKROOT; };
		10144B5DC9224F43A88A3422 /* CDVViewController+SplashScreen.m */ = {isa = PBXFileReference; explicitFileType = undefined; fileEncoding = 4; includeInIndex = 0; lastKnownFileType = sourcecode.c.objc; name = "CDVViewController+SplashScreen.m"; path = "cordova-plugin-splashscreen/CDVViewController+SplashScreen.m"; sourceTree = "<group>"; };
		10FD8EBA830D4EB189030BA2 /* SystemConfiguration.framework */ = {isa = PBXFileReference; explicitFileType = undefined; fileEncoding = 9; includeInIndex = 0; lastKnownFileType = wrapper.framework; name = SystemConfiguration.framework; path = System/Library/Frameworks/SystemConfiguration.framework; sourceTree = SDKROOT; };
		19B50660B03B4894B6C71FEF /* CDVContact.m */ = {isa = PBXFileReference; explicitFileType = undefined; fileEncoding = 4; includeInIndex = 0; lastKnownFileType = sourcecode.c.objc; name = CDVContact.m; path = "cordova-plugin-contacts/CDVContact.m"; sourceTree = "<group>"; };
		1A176E7CF76542CEAF2666F9 /* CDVReachability.h */ = {isa = PBXFileReference; explicitFileType = undefined; fileEncoding = 4; includeInIndex = 0; lastKnownFileType = sourcecode.c.h; name = CDVReachability.h; path = "cordova-plugin-network-information/CDVReachability.h"; sourceTree = "<group>"; };
		1BAB0506D031454CA000277C /* UIImage+CropScaleOrientation.h */ = {isa = PBXFileReference; explicitFileType = undefined; fileEncoding = 4; includeInIndex = 0; lastKnownFileType = sourcecode.c.h; name = "UIImage+CropScaleOrientation.h"; path = "cordova-plugin-camera/UIImage+CropScaleOrientation.h"; sourceTree = "<group>"; };
		1C57440F75CF4D9699079B2F /* CoreTelephony.framework */ = {isa = PBXFileReference; explicitFileType = undefined; fileEncoding = 9; includeInIndex = 0; lastKnownFileType = wrapper.framework; name = CoreTelephony.framework; path = System/Library/Frameworks/CoreTelephony.framework; sourceTree = SDKROOT; };
		1D126DF00FF145D5AE1598A6 /* CDVLogger.h */ = {isa = PBXFileReference; explicitFileType = undefined; fileEncoding = 4; includeInIndex = 0; lastKnownFileType = sourcecode.c.h; name = CDVLogger.h; path = "cordova-plugin-console/CDVLogger.h"; sourceTree = "<group>"; };
		1D3623240D0F684500981E51 /* AppDelegate.h */ = {isa = PBXFileReference; fileEncoding = 4; lastKnownFileType = sourcecode.c.h; path = AppDelegate.h; sourceTree = "<group>"; };
		1D3623250D0F684500981E51 /* AppDelegate.m */ = {isa = PBXFileReference; fileEncoding = 4; lastKnownFileType = sourcecode.c.objc; path = AppDelegate.m; sourceTree = "<group>"; };
		1D6058910D05DD3D006BFB54 /* Bunt_Colors_R_us.app */ = {isa = PBXFileReference; explicitFileType = wrapper.application; includeInIndex = 0; path = Bunt_Colors_R_us.app; sourceTree = BUILT_PRODUCTS_DIR; };
		1D7878ACA1C946FFBC8D2AD9 /* CDVContact.h */ = {isa = PBXFileReference; explicitFileType = undefined; fileEncoding = 4; includeInIndex = 0; lastKnownFileType = sourcecode.c.h; name = CDVContact.h; path = "cordova-plugin-contacts/CDVContact.h"; sourceTree = "<group>"; };
		231DC004E4A64E719FDCC109 /* CDVConnection.m */ = {isa = PBXFileReference; explicitFileType = undefined; fileEncoding = 4; includeInIndex = 0; lastKnownFileType = sourcecode.c.objc; name = CDVConnection.m; path = "cordova-plugin-network-information/CDVConnection.m"; sourceTree = "<group>"; };
		2514FF42898E40C89B8C3C7B /* UIImage+CropScaleOrientation.m */ = {isa = PBXFileReference; explicitFileType = undefined; fileEncoding = 4; includeInIndex = 0; lastKnownFileType = sourcecode.c.objc; name = "UIImage+CropScaleOrientation.m"; path = "cordova-plugin-camera/UIImage+CropScaleOrientation.m"; sourceTree = "<group>"; };
		28CA9E6B28384529B1478EF4 /* CDVFileTransfer.h */ = {isa = PBXFileReference; explicitFileType = undefined; fileEncoding = 4; includeInIndex = 0; lastKnownFileType = sourcecode.c.h; name = CDVFileTransfer.h; path = "cordova-plugin-file-transfer/CDVFileTransfer.h"; sourceTree = "<group>"; };
		2998DD9598CB4BDFA843604E /* ImageIO.framework */ = {isa = PBXFileReference; explicitFileType = undefined; fileEncoding = 9; includeInIndex = 0; lastKnownFileType = wrapper.framework; name = ImageIO.framework; path = System/Library/Frameworks/ImageIO.framework; sourceTree = SDKROOT; };
		29B97316FDCFA39411CA2CEA /* main.m */ = {isa = PBXFileReference; fileEncoding = 4; lastKnownFileType = sourcecode.c.objc; path = main.m; sourceTree = "<group>"; };
		301BF52D109A57CC0062928A /* CordovaLib.xcodeproj */ = {isa = PBXFileReference; lastKnownFileType = "wrapper.pb-project"; name = CordovaLib.xcodeproj; path = CordovaLib/CordovaLib.xcodeproj; sourceTree = "<group>"; };
		301BF56E109A69640062928A /* www */ = {isa = PBXFileReference; lastKnownFileType = folder; path = www; sourceTree = SOURCE_ROOT; };
		302D95EE14D2391D003F00A1 /* MainViewController.h */ = {isa = PBXFileReference; fileEncoding = 4; lastKnownFileType = sourcecode.c.h; path = MainViewController.h; sourceTree = "<group>"; };
		302D95EF14D2391D003F00A1 /* MainViewController.m */ = {isa = PBXFileReference; fileEncoding = 4; lastKnownFileType = sourcecode.c.objc; path = MainViewController.m; sourceTree = "<group>"; };
		302D95F014D2391D003F00A1 /* MainViewController.xib */ = {isa = PBXFileReference; fileEncoding = 4; lastKnownFileType = file.xib; path = MainViewController.xib; sourceTree = "<group>"; };
		3047A50F1AB8059700498E2A /* build-debug.xcconfig */ = {isa = PBXFileReference; fileEncoding = 4; lastKnownFileType = text.xcconfig; name = "build-debug.xcconfig"; path = "cordova/build-debug.xcconfig"; sourceTree = SOURCE_ROOT; };
		3047A5101AB8059700498E2A /* build-release.xcconfig */ = {isa = PBXFileReference; fileEncoding = 4; lastKnownFileType = text.xcconfig; name = "build-release.xcconfig"; path = "cordova/build-release.xcconfig"; sourceTree = SOURCE_ROOT; };
		3047A5111AB8059700498E2A /* build.xcconfig */ = {isa = PBXFileReference; fileEncoding = 4; lastKnownFileType = text.xcconfig; name = build.xcconfig; path = cordova/build.xcconfig; sourceTree = SOURCE_ROOT; };
		30AC6733CE1B47D095601FBC /* CDVGlobalization.m */ = {isa = PBXFileReference; explicitFileType = undefined; fileEncoding = 4; includeInIndex = 0; lastKnownFileType = sourcecode.c.objc; name = CDVGlobalization.m; path = "cordova-plugin-globalization/CDVGlobalization.m"; sourceTree = "<group>"; };
		3191A951669F40D183A05B0A /* CDVAssetLibraryFilesystem.h */ = {isa = PBXFileReference; explicitFileType = undefined; fileEncoding = 4; includeInIndex = 0; lastKnownFileType = sourcecode.c.h; name = CDVAssetLibraryFilesystem.h; path = "cordova-plugin-file/CDVAssetLibraryFilesystem.h"; sourceTree = "<group>"; };
		32CA4F630368D1EE00C91783 /* Bunt_Colors_R_us-Prefix.pch */ = {isa = PBXFileReference; fileEncoding = 4; lastKnownFileType = sourcecode.c.h; path = "Bunt_Colors_R_us-Prefix.pch"; sourceTree = "<group>"; };
		34E137BCC3094D57BC832F45 /* CDVLogger.m */ = {isa = PBXFileReference; explicitFileType = undefined; fileEncoding = 4; includeInIndex = 0; lastKnownFileType = sourcecode.c.objc; name = CDVLogger.m; path = "cordova-plugin-console/CDVLogger.m"; sourceTree = "<group>"; };
		3BC21E8ED175448388B65F1D /* AVFoundation.framework */ = {isa = PBXFileReference; explicitFileType = undefined; fileEncoding = 9; includeInIndex = 0; lastKnownFileType = wrapper.framework; name = AVFoundation.framework; path = System/Library/Frameworks/AVFoundation.framework; sourceTree = SDKROOT; };
		3D0E7D09AD2B4A45B8CA0F41 /* CDVReachability.m */ = {isa = PBXFileReference; explicitFileType = undefined; fileEncoding = 4; includeInIndex = 0; lastKnownFileType = sourcecode.c.objc; name = CDVReachability.m; path = "cordova-plugin-network-information/CDVReachability.m"; sourceTree = "<group>"; };
		3F971365D170456591A3E272 /* CDVSound.h */ = {isa = PBXFileReference; explicitFileType = undefined; fileEncoding = 4; includeInIndex = 0; lastKnownFileType = sourcecode.c.h; name = CDVSound.h; path = "cordova-plugin-media/CDVSound.h"; sourceTree = "<group>"; };
		43E93719F8764557B7FC95B6 /* CDVSound.m */ = {isa = PBXFileReference; explicitFileType = undefined; fileEncoding = 4; includeInIndex = 0; lastKnownFileType = sourcecode.c.objc; name = CDVSound.m; path = "cordova-plugin-media/CDVSound.m"; sourceTree = "<group>"; };
		49A8BA53EEA54D40A7A781B9 /* CDVConnection.h */ = {isa = PBXFileReference; explicitFileType = undefined; fileEncoding = 4; includeInIndex = 0; lastKnownFileType = sourcecode.c.h; name = CDVConnection.h; path = "cordova-plugin-network-information/CDVConnection.h"; sourceTree = "<group>"; };
		51C41A18792D47AAA3BB4A48 /* CDVFile.h */ = {isa = PBXFileReference; explicitFileType = undefined; fileEncoding = 4; includeInIndex = 0; lastKnownFileType = sourcecode.c.h; name = CDVFile.h; path = "cordova-plugin-file/CDVFile.h"; sourceTree = "<group>"; };
		5CEE27C1169E47A8826684B8 /* CDVStatusBar.h */ = {isa = PBXFileReference; explicitFileType = undefined; fileEncoding = 4; includeInIndex = 0; lastKnownFileType = sourcecode.c.h; name = CDVStatusBar.h; path = "cordova-plugin-statusbar/CDVStatusBar.h"; sourceTree = "<group>"; };
		5EB0625592B54F4DB29AB58E /* CDVStatusBar.m */ = {isa = PBXFileReference; explicitFileType = undefined; fileEncoding = 4; includeInIndex = 0; lastKnownFileType = sourcecode.c.objc; name = CDVStatusBar.m; path = "cordova-plugin-statusbar/CDVStatusBar.m"; sourceTree = "<group>"; };
		63C5CFE49D7F43F4920F10F8 /* CDVSplashScreen.h */ = {isa = PBXFileReference; explicitFileType = undefined; fileEncoding = 4; includeInIndex = 0; lastKnownFileType = sourcecode.c.h; name = CDVSplashScreen.h; path = "cordova-plugin-splashscreen/CDVSplashScreen.h"; sourceTree = "<group>"; };
		65133FB394F64FCEADFE355E /* CDVLocalFilesystem.m */ = {isa = PBXFileReference; explicitFileType = undefined; fileEncoding = 4; includeInIndex = 0; lastKnownFileType = sourcecode.c.objc; name = CDVLocalFilesystem.m; path = "cordova-plugin-file/CDVLocalFilesystem.m"; sourceTree = "<group>"; };
		65FC85B5933C4D07B7D6DA62 /* CDVAccelerometer.h */ = {isa = PBXFileReference; explicitFileType = undefined; fileEncoding = 4; includeInIndex = 0; lastKnownFileType = sourcecode.c.h; name = CDVAccelerometer.h; path = "cordova-plugin-device-motion/CDVAccelerometer.h"; sourceTree = "<group>"; };
		66D57E55512A4B36B46BBD0E /* CDVCamera.h */ = {isa = PBXFileReference; explicitFileType = undefined; fileEncoding = 4; includeInIndex = 0; lastKnownFileType = sourcecode.c.h; name = CDVCamera.h; path = "cordova-plugin-camera/CDVCamera.h"; sourceTree = "<group>"; };
		711C6E37FA7743BA9013C7FC /* CDVContacts.h */ = {isa = PBXFileReference; explicitFileType = undefined; fileEncoding = 4; includeInIndex = 0; lastKnownFileType = sourcecode.c.h; name = CDVContacts.h; path = "cordova-plugin-contacts/CDVContacts.h"; sourceTree = "<group>"; };
		746D669C7C4149888F8048F7 /* CDVNotification.h */ = {isa = PBXFileReference; explicitFileType = undefined; fileEncoding = 4; includeInIndex = 0; lastKnownFileType = sourcecode.c.h; name = CDVNotification.h; path = "cordova-plugin-dialogs/CDVNotification.h"; sourceTree = "<group>"; };
		81276034AF7A412984F60009 /* CDVLocation.h */ = {isa = PBXFileReference; explicitFileType = undefined; fileEncoding = 4; includeInIndex = 0; lastKnownFileType = sourcecode.c.h; name = CDVLocation.h; path = "cordova-plugin-geolocation/CDVLocation.h"; sourceTree = "<group>"; };
		82BEA55527D541EEB73C9C12 /* CDVVibration.h */ = {isa = PBXFileReference; explicitFileType = undefined; fileEncoding = 4; includeInIndex = 0; lastKnownFileType = sourcecode.c.h; name = CDVVibration.h; path = "cordova-plugin-vibration/CDVVibration.h"; sourceTree = "<group>"; };
		886C3E39FC0148D9AFB1DEA6 /* CDVLocation.m */ = {isa = PBXFileReference; explicitFileType = undefined; fileEncoding = 4; includeInIndex = 0; lastKnownFileType = sourcecode.c.objc; name = CDVLocation.m; path = "cordova-plugin-geolocation/CDVLocation.m"; sourceTree = "<group>"; };
		8B80BB2B42404F1A82AF2D22 /* CDVCamera.m */ = {isa = PBXFileReference; explicitFileType = undefined; fileEncoding = 4; includeInIndex = 0; lastKnownFileType = sourcecode.c.objc; name = CDVCamera.m; path = "cordova-plugin-camera/CDVCamera.m"; sourceTree = "<group>"; };
		8B86261674AA4FA295A5A70A /* CDVCapture.h */ = {isa = PBXFileReference; explicitFileType = undefined; fileEncoding = 4; includeInIndex = 0; lastKnownFileType = sourcecode.c.h; name = CDVCapture.h; path = "cordova-plugin-media-capture/CDVCapture.h"; sourceTree = "<group>"; };
		8D1107310486CEB800E47090 /* Bunt_Colors_R_us-Info.plist */ = {isa = PBXFileReference; fileEncoding = 4; lastKnownFileType = text.plist.xml; name = "Bunt_Colors_R_us-Info.plist"; path = "Bunt_Colors_R_us/Bunt_Colors_R_us-Info.plist"; plistStructureDefinitionIdentifier = "com.apple.xcode.plist.structure-definition.iphone.info-plist"; sourceTree = SOURCE_ROOT; };
		8EE74CC88A3A4340915A1ED4 /* CDVAssetLibraryFilesystem.m */ = {isa = PBXFileReference; explicitFileType = undefined; fileEncoding = 4; includeInIndex = 0; lastKnownFileType = sourcecode.c.objc; name = CDVAssetLibraryFilesystem.m; path = "cordova-plugin-file/CDVAssetLibraryFilesystem.m"; sourceTree = "<group>"; };
		92099EB806A04CFDA1A08B26 /* CDVNotification.bundle */ = {isa = PBXFileReference; explicitFileType = undefined; fileEncoding = 9; includeInIndex = 0; lastKnownFileType = "wrapper.plug-in"; path = CDVNotification.bundle; sourceTree = "<group>"; };
		96E3D8F85476402BA395F9F9 /* AddressBook.framework */ = {isa = PBXFileReference; explicitFileType = undefined; fileEncoding = 9; includeInIndex = 0; lastKnownFileType = wrapper.framework; name = AddressBook.framework; path = System/Library/Frameworks/AddressBook.framework; sourceTree = SDKROOT; };
		97D601D5A7DA4C7A91913F5B /* CDVNotification.m */ = {isa = PBXFileReference; explicitFileType = undefined; fileEncoding = 4; includeInIndex = 0; lastKnownFileType = sourcecode.c.objc; name = CDVNotification.m; path = "cordova-plugin-dialogs/CDVNotification.m"; sourceTree = "<group>"; };
		99F8D36FE95C43B1B77B332B /* CDVViewController+SplashScreen.h */ = {isa = PBXFileReference; explicitFileType = undefined; fileEncoding = 4; includeInIndex = 0; lastKnownFileType = sourcecode.c.h; name = "CDVViewController+SplashScreen.h"; path = "cordova-plugin-splashscreen/CDVViewController+SplashScreen.h"; sourceTree = "<group>"; };
		9CBCD366D50040B0808B4023 /* CDVDevice.h */ = {isa = PBXFileReference; explicitFileType = undefined; fileEncoding = 4; includeInIndex = 0; lastKnownFileType = sourcecode.c.h; name = CDVDevice.h; path = "cordova-plugin-device/CDVDevice.h"; sourceTree = "<group>"; };
		9D6D894C0C42454FA50B9001 /* CDVBattery.h */ = {isa = PBXFileReference; explicitFileType = undefined; fileEncoding = 4; includeInIndex = 0; lastKnownFileType = sourcecode.c.h; name = CDVBattery.h; path = "cordova-plugin-battery-status/CDVBattery.h"; sourceTree = "<group>"; };
		9EBC9951D0C84456A4BB37A4 /* CDVCapture.bundle */ = {isa = PBXFileReference; explicitFileType = undefined; fileEncoding = 9; includeInIndex = 0; lastKnownFileType = "wrapper.plug-in"; path = CDVCapture.bundle; sourceTree = "<group>"; };
		A03092AA77D249A691847112 /* AddressBookUI.framework */ = {isa = PBXFileReference; explicitFileType = undefined; fileEncoding = 9; includeInIndex = 0; lastKnownFileType = wrapper.framework; name = AddressBookUI.framework; path = System/Library/Frameworks/AddressBookUI.framework; sourceTree = SDKROOT; };
		A3262C81ABC84AA9BB1F361C /* CDVBattery.m */ = {isa = PBXFileReference; explicitFileType = undefined; fileEncoding = 4; includeInIndex = 0; lastKnownFileType = sourcecode.c.objc; name = CDVBattery.m; path = "cordova-plugin-battery-status/CDVBattery.m"; sourceTree = "<group>"; };
		A619E93DBB0C4AACA7F3322C /* CDVFileTransfer.m */ = {isa = PBXFileReference; explicitFileType = undefined; fileEncoding = 4; includeInIndex = 0; lastKnownFileType = sourcecode.c.objc; name = CDVFileTransfer.m; path = "cordova-plugin-file-transfer/CDVFileTransfer.m"; sourceTree = "<group>"; };
		A8B61D0F8AFE438B887A735E /* CDVCompass.m */ = {isa = PBXFileReference; explicitFileType = undefined; fileEncoding = 4; includeInIndex = 0; lastKnownFileType = sourcecode.c.objc; name = CDVCompass.m; path = "cordova-plugin-device-orientation/CDVCompass.m"; sourceTree = "<group>"; };
		ADB0E4FF5783466B967C4872 /* CDVExif.h */ = {isa = PBXFileReference; explicitFileType = undefined; fileEncoding = 4; includeInIndex = 0; lastKnownFileType = sourcecode.c.h; name = CDVExif.h; path = "cordova-plugin-camera/CDVExif.h"; sourceTree = "<group>"; };
		B558E141DFBF4ED9ADF94A71 /* CDVVibration.m */ = {isa = PBXFileReference; explicitFileType = undefined; fileEncoding = 4; includeInIndex = 0; lastKnownFileType = sourcecode.c.objc; name = CDVVibration.m; path = "cordova-plugin-vibration/CDVVibration.m"; sourceTree = "<group>"; };
		B7B987F7290B4F08A30D8293 /* CDVCapture.m */ = {isa = PBXFileReference; explicitFileType = undefined; fileEncoding = 4; includeInIndex = 0; lastKnownFileType = sourcecode.c.objc; name = CDVCapture.m; path = "cordova-plugin-media-capture/CDVCapture.m"; sourceTree = "<group>"; };
		B8688B11A193425DB1634DD5 /* CDVLocalFilesystem.h */ = {isa = PBXFileReference; explicitFileType = undefined; fileEncoding = 4; includeInIndex = 0; lastKnownFileType = sourcecode.c.h; name = CDVLocalFilesystem.h; path = "cordova-plugin-file/CDVLocalFilesystem.h"; sourceTree = "<group>"; };
		B9430C219D434E758B0A6973 /* CDVDevice.m */ = {isa = PBXFileReference; explicitFileType = undefined; fileEncoding = 4; includeInIndex = 0; lastKnownFileType = sourcecode.c.objc; name = CDVDevice.m; path = "cordova-plugin-device/CDVDevice.m"; sourceTree = "<group>"; };
		C84C33CFAE524E2EA6144C7A /* CDVGlobalization.h */ = {isa = PBXFileReference; explicitFileType = undefined; fileEncoding = 4; includeInIndex = 0; lastKnownFileType = sourcecode.c.h; name = CDVGlobalization.h; path = "cordova-plugin-globalization/CDVGlobalization.h"; sourceTree = "<group>"; };
		C8DF5E13A7F04A3C8A41F7E0 /* CoreMotion.framework */ = {isa = PBXFileReference; explicitFileType = undefined; fileEncoding = 9; includeInIndex = 0; lastKnownFileType = wrapper.framework; name = CoreMotion.framework; path = System/Library/Frameworks/CoreMotion.framework; sourceTree = SDKROOT; };
		DAEAA96AF9D04828A266E6B0 /* CDVJpegHeaderWriter.h */ = {isa = PBXFileReference; explicitFileType = undefined; fileEncoding = 4; includeInIndex = 0; lastKnownFileType = sourcecode.c.h; name = CDVJpegHeaderWriter.h; path = "cordova-plugin-camera/CDVJpegHeaderWriter.h"; sourceTree = "<group>"; };
		E1AD1D1C7D864EBBB8A8623A /* CDVInAppBrowser.m */ = {isa = PBXFileReference; explicitFileType = undefined; fileEncoding = 4; includeInIndex = 0; lastKnownFileType = sourcecode.c.objc; name = CDVInAppBrowser.m; path = "cordova-plugin-inappbrowser/CDVInAppBrowser.m"; sourceTree = "<group>"; };
		E4F1C18B39244D04AC6ECA76 /* CDVContacts.m */ = {isa = PBXFileReference; explicitFileType = undefined; fileEncoding = 4; includeInIndex = 0; lastKnownFileType = sourcecode.c.objc; name = CDVContacts.m; path = "cordova-plugin-contacts/CDVContacts.m"; sourceTree = "<group>"; };
		EB87FDF31871DA8E0020F90C /* www */ = {isa = PBXFileReference; lastKnownFileType = folder; name = www; path = ../../www; sourceTree = "<group>"; };
		EB87FDF41871DAF40020F90C /* config.xml */ = {isa = PBXFileReference; lastKnownFileType = text.xml; name = config.xml; path = ../../config.xml; sourceTree = "<group>"; };
		ED33DF2A687741AEAF9F8254 /* Bridging-Header.h */ = {isa = PBXFileReference; fileEncoding = 4; lastKnownFileType = sourcecode.c.h; path = "Bridging-Header.h"; sourceTree = "<group>"; };
		F50F214DA3CF4AB5A13906FB /* CDVCompass.h */ = {isa = PBXFileReference; explicitFileType = undefined; fileEncoding = 4; includeInIndex = 0; lastKnownFileType = sourcecode.c.h; name = CDVCompass.h; path = "cordova-plugin-device-orientation/CDVCompass.h"; sourceTree = "<group>"; };
		F840E1F0165FE0F500CFE078 /* config.xml */ = {isa = PBXFileReference; lastKnownFileType = text.xml; name = config.xml; path = Bunt_Colors_R_us/config.xml; sourceTree = "<group>"; };
		FBC7B81525C8450F8F7D77D1 /* CDVFile.m */ = {isa = PBXFileReference; explicitFileType = undefined; fileEncoding = 4; includeInIndex = 0; lastKnownFileType = sourcecode.c.objc; name = CDVFile.m; path = "cordova-plugin-file/CDVFile.m"; sourceTree = "<group>"; };
		FCB2717CFD1C460A98BDCBC9 /* CDVInAppBrowser.h */ = {isa = PBXFileReference; explicitFileType = undefined; fileEncoding = 4; includeInIndex = 0; lastKnownFileType = sourcecode.c.h; name = CDVInAppBrowser.h; path = "cordova-plugin-inappbrowser/CDVInAppBrowser.h"; sourceTree = "<group>"; };
		FDD0688807E54628A22FD7DF /* CDVSplashScreen.m */ = {isa = PBXFileReference; explicitFileType = undefined; fileEncoding = 4; includeInIndex = 0; lastKnownFileType = sourcecode.c.objc; name = CDVSplashScreen.m; path = "cordova-plugin-splashscreen/CDVSplashScreen.m"; sourceTree = "<group>"; };
		FFC60C6F3A6C4472AC49A604 /* CDVAccelerometer.m */ = {isa = PBXFileReference; explicitFileType = undefined; fileEncoding = 4; includeInIndex = 0; lastKnownFileType = sourcecode.c.objc; name = CDVAccelerometer.m; path = "cordova-plugin-device-motion/CDVAccelerometer.m"; sourceTree = "<group>"; };
/* End PBXFileReference section */

/* Begin PBXFrameworksBuildPhase section */
		1D60588F0D05DD3D006BFB54 /* Frameworks */ = {
			isa = PBXFrameworksBuildPhase;
			buildActionMask = 2147483647;
			files = (
				301BF552109A68D80062928A /* libCordova.a in Frameworks */,
				9C5ECA96E7DB404784212FCD /* ImageIO.framework in Frameworks */,
				89A672E2E35745B9983A51F8 /* CoreLocation.framework in Frameworks */,
				3761DE0EA9D04F11AFD19C34 /* AVFoundation.framework in Frameworks */,
				C0927CF26FB045B8BF243825 /* AddressBook.framework in Frameworks */,
				22DD77E5D35E4049A4997320 /* AddressBookUI.framework in Frameworks */,
				D2B45420E398425CAC35A8A8 /* CoreMotion.framework in Frameworks */,
				FD29DF0B8D8642A1B7493C7F /* AudioToolbox.framework in Frameworks */,
				21E65D15BBBD4E049D967D03 /* SystemConfiguration.framework in Frameworks */,
				1F303EB40B8E491BBFCF0AD8 /* CoreTelephony.framework in Frameworks */,
			);
			runOnlyForDeploymentPostprocessing = 0;
		};
/* End PBXFrameworksBuildPhase section */

/* Begin PBXGroup section */
		080E96DDFE201D6D7F000001 /* Classes */ = {
			isa = PBXGroup;
			children = (
				302D95EE14D2391D003F00A1 /* MainViewController.h */,
				302D95EF14D2391D003F00A1 /* MainViewController.m */,
				302D95F014D2391D003F00A1 /* MainViewController.xib */,
				1D3623240D0F684500981E51 /* AppDelegate.h */,
				1D3623250D0F684500981E51 /* AppDelegate.m */,
			);
			name = Classes;
			path = Bunt_Colors_R_us/Classes;
			sourceTree = SOURCE_ROOT;
		};
		19C28FACFE9D520D11CA2CBB /* Products */ = {
			isa = PBXGroup;
			children = (
				1D6058910D05DD3D006BFB54 /* Bunt_Colors_R_us.app */,
			);
			name = Products;
			sourceTree = "<group>";
		};
		29B97314FDCFA39411CA2CEA /* CustomTemplate */ = {
			isa = PBXGroup;
			children = (
				EB87FDF41871DAF40020F90C /* config.xml */,
				EB87FDF31871DA8E0020F90C /* www */,
				EB87FDF11871DA420020F90C /* Staging */,
				301BF52D109A57CC0062928A /* CordovaLib.xcodeproj */,
				080E96DDFE201D6D7F000001 /* Classes */,
				307C750510C5A3420062BCA9 /* Plugins */,
				29B97315FDCFA39411CA2CEA /* Other Sources */,
				29B97317FDCFA39411CA2CEA /* Resources */,
				29B97323FDCFA39411CA2CEA /* Frameworks */,
				19C28FACFE9D520D11CA2CBB /* Products */,
			);
			name = CustomTemplate;
			sourceTree = "<group>";
		};
		29B97315FDCFA39411CA2CEA /* Other Sources */ = {
			isa = PBXGroup;
			children = (
				32CA4F630368D1EE00C91783 /* Bunt_Colors_R_us-Prefix.pch */,
				29B97316FDCFA39411CA2CEA /* main.m */,
				ED33DF2A687741AEAF9F8254 /* Bridging-Header.h */,
			);
			name = "Other Sources";
			path = Bunt_Colors_R_us;
			sourceTree = "<group>";
		};
		29B97317FDCFA39411CA2CEA /* Resources */ = {
			isa = PBXGroup;
			children = (
				0207DA571B56EA530066E2B4 /* Images.xcassets */,
				3047A50E1AB8057F00498E2A /* config */,
				8D1107310486CEB800E47090 /* Bunt_Colors_R_us-Info.plist */,
				92099EB806A04CFDA1A08B26 /* CDVNotification.bundle */,
				9EBC9951D0C84456A4BB37A4 /* CDVCapture.bundle */,
			);
			name = Resources;
			path = Bunt_Colors_R_us/Resources;
			sourceTree = "<group>";
		};
		29B97323FDCFA39411CA2CEA /* Frameworks */ = {
			isa = PBXGroup;
			children = (
				2998DD9598CB4BDFA843604E /* ImageIO.framework */,
				074344AF0E6749FA8553D4D2 /* CoreLocation.framework */,
				3BC21E8ED175448388B65F1D /* AVFoundation.framework */,
				96E3D8F85476402BA395F9F9 /* AddressBook.framework */,
				A03092AA77D249A691847112 /* AddressBookUI.framework */,
				C8DF5E13A7F04A3C8A41F7E0 /* CoreMotion.framework */,
				0F64E0C8A9B445C18D658FC0 /* AudioToolbox.framework */,
				10FD8EBA830D4EB189030BA2 /* SystemConfiguration.framework */,
				1C57440F75CF4D9699079B2F /* CoreTelephony.framework */,
			);
			name = Frameworks;
			sourceTree = "<group>";
		};
		301BF52E109A57CC0062928A /* Products */ = {
			isa = PBXGroup;
			children = (
				301BF535109A57CC0062928A /* libCordova.a */,
			);
			name = Products;
			sourceTree = "<group>";
		};
		3047A50E1AB8057F00498E2A /* config */ = {
			isa = PBXGroup;
			children = (
				3047A50F1AB8059700498E2A /* build-debug.xcconfig */,
				3047A5101AB8059700498E2A /* build-release.xcconfig */,
				3047A5111AB8059700498E2A /* build.xcconfig */,
			);
			name = config;
			sourceTree = "<group>";
		};
		307C750510C5A3420062BCA9 /* Plugins */ = {
			isa = PBXGroup;
			children = (
				A3262C81ABC84AA9BB1F361C /* CDVBattery.m */,
				9D6D894C0C42454FA50B9001 /* CDVBattery.h */,
				2514FF42898E40C89B8C3C7B /* UIImage+CropScaleOrientation.m */,
				8B80BB2B42404F1A82AF2D22 /* CDVCamera.m */,
				0083012B203140BF87A25930 /* CDVJpegHeaderWriter.m */,
				1BAB0506D031454CA000277C /* UIImage+CropScaleOrientation.h */,
				66D57E55512A4B36B46BBD0E /* CDVCamera.h */,
				DAEAA96AF9D04828A266E6B0 /* CDVJpegHeaderWriter.h */,
				ADB0E4FF5783466B967C4872 /* CDVExif.h */,
				34E137BCC3094D57BC832F45 /* CDVLogger.m */,
				1D126DF00FF145D5AE1598A6 /* CDVLogger.h */,
				E4F1C18B39244D04AC6ECA76 /* CDVContacts.m */,
				19B50660B03B4894B6C71FEF /* CDVContact.m */,
				711C6E37FA7743BA9013C7FC /* CDVContacts.h */,
				1D7878ACA1C946FFBC8D2AD9 /* CDVContact.h */,
				B9430C219D434E758B0A6973 /* CDVDevice.m */,
				9CBCD366D50040B0808B4023 /* CDVDevice.h */,
				FFC60C6F3A6C4472AC49A604 /* CDVAccelerometer.m */,
				65FC85B5933C4D07B7D6DA62 /* CDVAccelerometer.h */,
				A8B61D0F8AFE438B887A735E /* CDVCompass.m */,
				F50F214DA3CF4AB5A13906FB /* CDVCompass.h */,
				97D601D5A7DA4C7A91913F5B /* CDVNotification.m */,
				746D669C7C4149888F8048F7 /* CDVNotification.h */,
				FBC7B81525C8450F8F7D77D1 /* CDVFile.m */,
				65133FB394F64FCEADFE355E /* CDVLocalFilesystem.m */,
				8EE74CC88A3A4340915A1ED4 /* CDVAssetLibraryFilesystem.m */,
				51C41A18792D47AAA3BB4A48 /* CDVFile.h */,
				B8688B11A193425DB1634DD5 /* CDVLocalFilesystem.h */,
				3191A951669F40D183A05B0A /* CDVAssetLibraryFilesystem.h */,
				A619E93DBB0C4AACA7F3322C /* CDVFileTransfer.m */,
				28CA9E6B28384529B1478EF4 /* CDVFileTransfer.h */,
				886C3E39FC0148D9AFB1DEA6 /* CDVLocation.m */,
				81276034AF7A412984F60009 /* CDVLocation.h */,
				30AC6733CE1B47D095601FBC /* CDVGlobalization.m */,
				C84C33CFAE524E2EA6144C7A /* CDVGlobalization.h */,
				E1AD1D1C7D864EBBB8A8623A /* CDVInAppBrowser.m */,
				FCB2717CFD1C460A98BDCBC9 /* CDVInAppBrowser.h */,
				43E93719F8764557B7FC95B6 /* CDVSound.m */,
				3F971365D170456591A3E272 /* CDVSound.h */,
				B7B987F7290B4F08A30D8293 /* CDVCapture.m */,
				8B86261674AA4FA295A5A70A /* CDVCapture.h */,
				231DC004E4A64E719FDCC109 /* CDVConnection.m */,
				3D0E7D09AD2B4A45B8CA0F41 /* CDVReachability.m */,
				49A8BA53EEA54D40A7A781B9 /* CDVConnection.h */,
				1A176E7CF76542CEAF2666F9 /* CDVReachability.h */,
				FDD0688807E54628A22FD7DF /* CDVSplashScreen.m */,
				10144B5DC9224F43A88A3422 /* CDVViewController+SplashScreen.m */,
				63C5CFE49D7F43F4920F10F8 /* CDVSplashScreen.h */,
				99F8D36FE95C43B1B77B332B /* CDVViewController+SplashScreen.h */,
				5EB0625592B54F4DB29AB58E /* CDVStatusBar.m */,
				5CEE27C1169E47A8826684B8 /* CDVStatusBar.h */,
				B558E141DFBF4ED9ADF94A71 /* CDVVibration.m */,
				82BEA55527D541EEB73C9C12 /* CDVVibration.h */,
			);
			name = Plugins;
			path = Bunt_Colors_R_us/Plugins;
			sourceTree = SOURCE_ROOT;
		};
		EB87FDF11871DA420020F90C /* Staging */ = {
			isa = PBXGroup;
			children = (
				F840E1F0165FE0F500CFE078 /* config.xml */,
				301BF56E109A69640062928A /* www */,
			);
			name = Staging;
			sourceTree = "<group>";
		};
/* End PBXGroup section */

/* Begin PBXNativeTarget section */
		1D6058900D05DD3D006BFB54 /* Bunt_Colors_R_us */ = {
			isa = PBXNativeTarget;
			buildConfigurationList = 1D6058960D05DD3E006BFB54 /* Build configuration list for PBXNativeTarget "Bunt_Colors_R_us" */;
			buildPhases = (
				304B58A110DAC018002A0835 /* Copy www directory */,
				1D60588D0D05DD3D006BFB54 /* Resources */,
				1D60588E0D05DD3D006BFB54 /* Sources */,
				1D60588F0D05DD3D006BFB54 /* Frameworks */,
			);
			buildRules = (
			);
			dependencies = (
				301BF551109A68C00062928A /* PBXTargetDependency */,
			);
			name = Bunt_Colors_R_us;
			productName = Bunt_Colors_R_us;
			productReference = 1D6058910D05DD3D006BFB54 /* Bunt_Colors_R_us.app */;
			productType = "com.apple.product-type.application";
		};
/* End PBXNativeTarget section */

/* Begin PBXProject section */
		29B97313FDCFA39411CA2CEA /* Project object */ = {
			isa = PBXProject;
			attributes = {
				LastUpgradeCheck = 510;
				TargetAttributes = {
					1D6058900D05DD3D006BFB54 = {
						DevelopmentTeam = M62A84E98C;
					};
				};
			};
			buildConfigurationList = C01FCF4E08A954540054247B /* Build configuration list for PBXProject "Bunt_Colors_R_us" */;
			compatibilityVersion = "Xcode 3.2";
			developmentRegion = English;
			hasScannedForEncodings = 1;
			knownRegions = (
				en,
			);
			mainGroup = 29B97314FDCFA39411CA2CEA /* CustomTemplate */;
			projectDirPath = "";
			projectReferences = (
				{
					ProductGroup = 301BF52E109A57CC0062928A /* Products */;
					ProjectRef = 301BF52D109A57CC0062928A /* CordovaLib.xcodeproj */;
				},
			);
			projectRoot = "";
			targets = (
				1D6058900D05DD3D006BFB54 /* Bunt_Colors_R_us */,
			);
		};
/* End PBXProject section */

/* Begin PBXReferenceProxy section */
		301BF535109A57CC0062928A /* libCordova.a */ = {
			isa = PBXReferenceProxy;
			fileType = archive.ar;
			path = libCordova.a;
			remoteRef = 301BF534109A57CC0062928A /* PBXContainerItemProxy */;
			sourceTree = BUILT_PRODUCTS_DIR;
		};
/* End PBXReferenceProxy section */

/* Begin PBXResourcesBuildPhase section */
		1D60588D0D05DD3D006BFB54 /* Resources */ = {
			isa = PBXResourcesBuildPhase;
			buildActionMask = 2147483647;
			files = (
				302D95F214D2391D003F00A1 /* MainViewController.xib in Resources */,
				3047A5131AB8059700498E2A /* build-release.xcconfig in Resources */,
				3047A5141AB8059700498E2A /* build.xcconfig in Resources */,
				0207DA581B56EA530066E2B4 /* Images.xcassets in Resources */,
				3047A5121AB8059700498E2A /* build-debug.xcconfig in Resources */,
				590C621E26E04A4D8E796C5D /* CDVNotification.bundle in Resources */,
				22D3614C4B4F490CA7DD2255 /* CDVCapture.bundle in Resources */,
			);
			runOnlyForDeploymentPostprocessing = 0;
		};
/* End PBXResourcesBuildPhase section */

/* Begin PBXShellScriptBuildPhase section */
		304B58A110DAC018002A0835 /* Copy www directory */ = {
			isa = PBXShellScriptBuildPhase;
			buildActionMask = 2147483647;
			files = (
			);
			inputPaths = (
			);
			name = "Copy www directory";
			outputPaths = (
			);
			runOnlyForDeploymentPostprocessing = 0;
			shellPath = /bin/sh;
			shellScript = "NODEJS_PATH=/usr/local/bin; NVM_NODE_PATH=~/.nvm/versions/node/`nvm version 2>/dev/null`/bin; N_NODE_PATH=`find /usr/local/n/versions/node/* -maxdepth 0 -type d 2>/dev/null | tail -1`/bin; XCODE_NODE_PATH=`xcode-select --print-path`/usr/share/xcs/Node/bin; PATH=$NODEJS_PATH:$NVM_NODE_PATH:$N_NODE_PATH:$XCODE_NODE_PATH:$PATH && node cordova/lib/copy-www-build-step.js";
			showEnvVarsInLog = 0;
		};
/* End PBXShellScriptBuildPhase section */

/* Begin PBXSourcesBuildPhase section */
		1D60588E0D05DD3D006BFB54 /* Sources */ = {
			isa = PBXSourcesBuildPhase;
			buildActionMask = 2147483647;
			files = (
				1D60589B0D05DD56006BFB54 /* main.m in Sources */,
				1D3623260D0F684500981E51 /* AppDelegate.m in Sources */,
				302D95F114D2391D003F00A1 /* MainViewController.m in Sources */,
				92BDE40900B84C3296191122 /* CDVBattery.m in Sources */,
				A874A62BBCF6488FA7540DFC /* UIImage+CropScaleOrientation.m in Sources */,
				B582DACFA81C4E9398023E62 /* CDVCamera.m in Sources */,
				095C370479E941678595EF04 /* CDVJpegHeaderWriter.m in Sources */,
				A1DE1004CCC14765874A4993 /* CDVLogger.m in Sources */,
				33FD829D73FE4A349475EABE /* CDVContacts.m in Sources */,
				A0D40FC1BD914ADE91094D63 /* CDVContact.m in Sources */,
				9B76E289BD644676B86F8A01 /* CDVDevice.m in Sources */,
				A79FB65AFA584B4B8789D268 /* CDVAccelerometer.m in Sources */,
				517A3E5FC6E248DB9ED506C6 /* CDVCompass.m in Sources */,
				BE73AD136FD14AF4B3E82B77 /* CDVNotification.m in Sources */,
				E4EB7D2171CB4F7EA0B7489F /* CDVFile.m in Sources */,
				2497BAA9077247E98CC8939B /* CDVLocalFilesystem.m in Sources */,
				E2EF830BD5C044B6938CA1D9 /* CDVAssetLibraryFilesystem.m in Sources */,
				E9357FD832864ECC92C11D8F /* CDVFileTransfer.m in Sources */,
				518DDE9F36D0421BBBBAF720 /* CDVLocation.m in Sources */,
				061334ED107B470C82A109E2 /* CDVGlobalization.m in Sources */,
				0C7A5741BCBC420CBF24D3A5 /* CDVInAppBrowser.m in Sources */,
				3BD12E22DB0F4E2889BA2A72 /* CDVSound.m in Sources */,
				B78ED5D9132641759EA45341 /* CDVCapture.m in Sources */,
				5BC185DA35E944A0B3ED9B04 /* CDVConnection.m in Sources */,
				202F30EC64544DFD9F818677 /* CDVReachability.m in Sources */,
				0AA77C69457F45FFA729DA53 /* CDVSplashScreen.m in Sources */,
				6B042EAB613C4F57947AFCC5 /* CDVViewController+SplashScreen.m in Sources */,
				4A3E29C472C844C5BD6FE90B /* CDVStatusBar.m in Sources */,
				F3F6DDD0DADD4D4A8226D787 /* CDVVibration.m in Sources */,
			);
			runOnlyForDeploymentPostprocessing = 0;
		};
/* End PBXSourcesBuildPhase section */

/* Begin PBXTargetDependency section */
		301BF551109A68C00062928A /* PBXTargetDependency */ = {
			isa = PBXTargetDependency;
			name = CordovaLib;
			targetProxy = 301BF550109A68C00062928A /* PBXContainerItemProxy */;
		};
/* End PBXTargetDependency section */

/* Begin XCBuildConfiguration section */
		1D6058940D05DD3E006BFB54 /* Debug */ = {
			isa = XCBuildConfiguration;
			baseConfigurationReference = 3047A50F1AB8059700498E2A /* build-debug.xcconfig */;
			buildSettings = {
				ALWAYS_SEARCH_USER_PATHS = NO;
				ASSETCATALOG_COMPILER_APPICON_NAME = AppIcon;
				ASSETCATALOG_COMPILER_LAUNCHIMAGE_NAME = LaunchImage;
				CLANG_ENABLE_MODULES = YES;
				CLANG_ENABLE_OBJC_ARC = YES;
				CODE_SIGN_IDENTITY = "iPhone Developer";
				"CODE_SIGN_IDENTITY[sdk=iphoneos*]" = "iPhone Developer";
				COPY_PHASE_STRIP = NO;
				GCC_DYNAMIC_NO_PIC = NO;
				GCC_OPTIMIZATION_LEVEL = 0;
				GCC_PRECOMPILE_PREFIX_HEADER = YES;
				GCC_PREFIX_HEADER = "Bunt_Colors_R_us/Bunt_Colors_R_us-Prefix.pch";
				GCC_THUMB_SUPPORT = NO;
				GCC_VERSION = "";
				INFOPLIST_FILE = "Bunt_Colors_R_us/Bunt_Colors_R_us-Info.plist";
				LD_RUNPATH_SEARCH_PATHS = "@executable_path/Frameworks";
				PRODUCT_NAME = "Bunt_Colors_R_us";
				PROVISIONING_PROFILE = "";
			};
			name = Debug;
		};
		1D6058950D05DD3E006BFB54 /* Release */ = {
			isa = XCBuildConfiguration;
			baseConfigurationReference = 3047A5101AB8059700498E2A /* build-release.xcconfig */;
			buildSettings = {
				ALWAYS_SEARCH_USER_PATHS = NO;
				ASSETCATALOG_COMPILER_APPICON_NAME = AppIcon;
				ASSETCATALOG_COMPILER_LAUNCHIMAGE_NAME = LaunchImage;
				CLANG_ENABLE_MODULES = YES;
				CLANG_ENABLE_OBJC_ARC = YES;
				CODE_SIGN_IDENTITY = "iPhone Developer";
				"CODE_SIGN_IDENTITY[sdk=iphoneos*]" = "iPhone Developer";
				COPY_PHASE_STRIP = YES;
				GCC_PRECOMPILE_PREFIX_HEADER = YES;
				GCC_PREFIX_HEADER = "Bunt_Colors_R_us/Bunt_Colors_R_us-Prefix.pch";
				GCC_THUMB_SUPPORT = NO;
				GCC_VERSION = "";
				INFOPLIST_FILE = "Bunt_Colors_R_us/Bunt_Colors_R_us-Info.plist";
				PRODUCT_NAME = "Bunt_Colors_R_us";
				PROVISIONING_PROFILE = "";
			};
			name = Release;
		};
		C01FCF4F08A954540054247B /* Debug */ = {
			isa = XCBuildConfiguration;
			baseConfigurationReference = 3047A5111AB8059700498E2A /* build.xcconfig */;
			buildSettings = {
				CLANG_ENABLE_MODULES = YES;
				CLANG_ENABLE_OBJC_ARC = YES;
				CLANG_WARN_BOOL_CONVERSION = YES;
				CLANG_WARN_CONSTANT_CONVERSION = YES;
				CLANG_WARN_EMPTY_BODY = YES;
				CLANG_WARN_ENUM_CONVERSION = YES;
				CLANG_WARN_INT_CONVERSION = YES;
				CLANG_WARN__DUPLICATE_METHOD_MATCH = YES;
				GCC_C_LANGUAGE_STANDARD = c99;
				GCC_THUMB_SUPPORT = NO;
				GCC_VERSION = "";
				GCC_WARN_ABOUT_RETURN_TYPE = YES;
				GCC_WARN_UNDECLARED_SELECTOR = YES;
				GCC_WARN_UNINITIALIZED_AUTOS = YES;
				GCC_WARN_UNUSED_FUNCTION = YES;
				GCC_WARN_UNUSED_VARIABLE = YES;
				ONLY_ACTIVE_ARCH = YES;
				SDKROOT = iphoneos;
				SKIP_INSTALL = NO;
				PRODUCT_NAME = "Bunt_Colors_R_us";
			};
			name = Debug;
		};
		C01FCF5008A954540054247B /* Release */ = {
			isa = XCBuildConfiguration;
			baseConfigurationReference = 3047A5111AB8059700498E2A /* build.xcconfig */;
			buildSettings = {
				CLANG_ENABLE_MODULES = YES;
				CLANG_ENABLE_OBJC_ARC = YES;
				CLANG_WARN_BOOL_CONVERSION = YES;
				CLANG_WARN_CONSTANT_CONVERSION = YES;
				CLANG_WARN_EMPTY_BODY = YES;
				CLANG_WARN_ENUM_CONVERSION = YES;
				CLANG_WARN_INT_CONVERSION = YES;
				CLANG_WARN__DUPLICATE_METHOD_MATCH = YES;
				GCC_C_LANGUAGE_STANDARD = c99;
				GCC_THUMB_SUPPORT = NO;
				GCC_VERSION = "";
				GCC_WARN_ABOUT_RETURN_TYPE = YES;
				GCC_WARN_UNDECLARED_SELECTOR = YES;
				GCC_WARN_UNINITIALIZED_AUTOS = YES;
				GCC_WARN_UNUSED_FUNCTION = YES;
				GCC_WARN_UNUSED_VARIABLE = YES;
				SDKROOT = iphoneos;
				SKIP_INSTALL = NO;
				PRODUCT_NAME = "Bunt_Colors_R_us";
			};
			name = Release;
		};
/* End XCBuildConfiguration section */

/* Begin XCConfigurationList section */
		1D6058960D05DD3E006BFB54 /* Build configuration list for PBXNativeTarget "Bunt_Colors_R_us" */ = {
			isa = XCConfigurationList;
			buildConfigurations = (
				1D6058940D05DD3E006BFB54 /* Debug */,
				1D6058950D05DD3E006BFB54 /* Release */,
			);
			defaultConfigurationIsVisible = 0;
			defaultConfigurationName = Release;
		};
		C01FCF4E08A954540054247B /* Build configuration list for PBXProject "Bunt_Colors_R_us" */ = {
			isa = XCConfigurationList;
			buildConfigurations = (
				C01FCF4F08A954540054247B /* Debug */,
				C01FCF5008A954540054247B /* Release */,
			);
			defaultConfigurationIsVisible = 0;
			defaultConfigurationName = Release;
		};
/* End XCConfigurationList section */
	};
	rootObject = 29B97313FDCFA39411CA2CEA /* Project object */;
}
